
Microsoft Visual Studio Solution File, Format Version 12.00
# Visual Studio Version 17
VisualStudioVersion = 17.5.33414.496
MinimumVisualStudioVersion = 10.0.40219.1
Project("{9A19103F-16F7-4668-BE54-9A1E7A4F7556}") = "AppBanco V1.1", "AppBanco V1.1\AppBanco V1.1.csproj", "{143154B5-C912-424C-A76D-F3F78DCE4A87}"
EndProject
Project("{9A19103F-16F7-4668-BE54-9A1E7A4F7556}") = "BankClassSourcesDLL", "BankClassSourcesDLL\BankClassSourcesDLL.csproj", "{615EB377-E99B-4A65-9E44-5CB77737CEED}"
EndProject
Project("{9A19103F-16F7-4668-BE54-9A1E7A4F7556}") = "ClienteUserControl", "ClienteUserControl\ClienteUserControl.csproj", "{81D79F0C-C9F9-4AD5-B453-BC65B6C749C0}"
EndProject
Project("{2150E333-8FDC-42A3-9474-1A3956D46DE8}") = "Controles", "Controles", "{2D82CE5B-3EC6-4B2F-8925-297ED240D040}"
EndProject
Project("{2150E333-8FDC-42A3-9474-1A3956D46DE8}") = "App", "App", "{A6CAD83E-F351-41C8-B1FA-1D6F6AB5F611}"
EndProject
Project("{2150E333-8FDC-42A3-9474-1A3956D46DE8}") = "DLLs", "DLLs", "{B8339F2F-82B4-4C9E-97D7-950A8DBAC737}"
EndProject
Global
	GlobalSection(SolutionConfigurationPlatforms) = preSolution
		Debug|Any CPU = Debug|Any CPU
		Release|Any CPU = Release|Any CPU
	EndGlobalSection
	GlobalSection(ProjectConfigurationPlatforms) = postSolution
		{143154B5-C912-424C-A76D-F3F78DCE4A87}.Debug|Any CPU.ActiveCfg = Debug|Any CPU
		{143154B5-C912-424C-A76D-F3F78DCE4A87}.Debug|Any CPU.Build.0 = Debug|Any CPU
		{143154B5-C912-424C-A76D-F3F78DCE4A87}.Release|Any CPU.ActiveCfg = Release|Any CPU
		{143154B5-C912-424C-A76D-F3F78DCE4A87}.Release|Any CPU.Build.0 = Release|Any CPU
		{615EB377-E99B-4A65-9E44-5CB77737CEED}.Debug|Any CPU.ActiveCfg = Debug|Any CPU
		{615EB377-E99B-4A65-9E44-5CB77737CEED}.Debug|Any CPU.Build.0 = Debug|Any CPU
		{615EB377-E99B-4A65-9E44-5CB77737CEED}.Release|Any CPU.ActiveCfg = Release|Any CPU
		{615EB377-E99B-4A65-9E44-5CB77737CEED}.Release|Any CPU.Build.0 = Release|Any CPU
		{81D79F0C-C9F9-4AD5-B453-BC65B6C749C0}.Debug|Any CPU.ActiveCfg = Debug|Any CPU
		{81D79F0C-C9F9-4AD5-B453-BC65B6C749C0}.Debug|Any CPU.Build.0 = Debug|Any CPU
		{81D79F0C-C9F9-4AD5-B453-BC65B6C749C0}.Release|Any CPU.ActiveCfg = Release|Any CPU
		{81D79F0C-C9F9-4AD5-B453-BC65B6C749C0}.Release|Any CPU.Build.0 = Release|Any CPU
	EndGlobalSection
	GlobalSection(SolutionProperties) = preSolution
		HideSolutionNode = FALSE
	EndGlobalSection
	GlobalSection(NestedProjects) = preSolution
		{143154B5-C912-424C-A76D-F3F78DCE4A87} = {A6CAD83E-F351-41C8-B1FA-1D6F6AB5F611}
		{615EB377-E99B-4A65-9E44-5CB77737CEED} = {B8339F2F-82B4-4C9E-97D7-950A8DBAC737}
		{81D79F0C-C9F9-4AD5-B453-BC65B6C749C0} = {2D82CE5B-3EC6-4B2F-8925-297ED240D040}
		{2D82CE5B-3EC6-4B2F-8925-297ED240D040} = {B8339F2F-82B4-4C9E-97D7-950A8DBAC737}
	EndGlobalSection
	GlobalSection(ExtensibilityGlobals) = postSolution
		SolutionGuid = {16872164-31BC-41D1-AAB5-FFEFEBCD7ECC}
	EndGlobalSection
EndGlobal
